<?xml version="1.0" encoding="utf-8"?>
<Project ToolsVersion="4.0" xmlns="http://schemas.microsoft.com/developer/msbuild/2003">
  <ItemGroup>
    <Filter Include="Source Files">
      <UniqueIdentifier>{4FC737F1-C7A5-4376-A066-2A32D752A2FF}</UniqueIdentifier>
      <Extensions>cpp;c;cc;cxx;def;odl;idl;hpj;bat;asm;asmx</Extensions>
    </Filter>
    <Filter Include="Header Files">
      <UniqueIdentifier>{93995380-89BD-4b04-88EB-625FBE52EBFB}</UniqueIdentifier>
      <Extensions>h;hh;hpp;hxx;hm;inl;inc;ipp;xsd</Extensions>
    </Filter>
    <Filter Include="Resource Files">
      <UniqueIdentifier>{67DA6AB6-F800-4c08-8B7A-83BB121AAD01}</UniqueIdentifier>
      <Extensions>rc;ico;cur;bmp;dlg;rc2;rct;bin;rgs;gif;jpg;jpeg;jpe;resx;tiff;tif;png;wav;mfcribbon-ms</Extensions>
    </Filter>
    <Filter Include="Source Files\OOPs">
      <UniqueIdentifier>{92f20d39-1ad4-479e-a89d-e6bb713f482e}</UniqueIdentifier>
    </Filter>
    <Filter Include="Source Files\OOPs\polymorphism">
      <UniqueIdentifier>{23b2f820-8abf-445e-bd5c-475bfa10a760}</UniqueIdentifier>
    </Filter>
    <Filter Include="Source Files\OOPs\polymorphism\Runtime">
      <UniqueIdentifier>{d0c92e91-8a02-4dfb-9725-868a2f9722e7}</UniqueIdentifier>
    </Filter>
    <Filter Include="Source Files\OOPs\polymorphism\Compile">
      <UniqueIdentifier>{d2420180-b818-4307-940d-13f5030fa316}</UniqueIdentifier>
    </Filter>
    <Filter Include="Source Files\STL">
      <UniqueIdentifier>{2600033a-cf70-4ec6-93f0-af36316849f1}</UniqueIdentifier>
    </Filter>
    <Filter Include="Source Files\Smart_pointers">
      <UniqueIdentifier>{1048d9ab-0694-4ea4-9f7d-7297770b8246}</UniqueIdentifier>
    </Filter>
  </ItemGroup>
  <ItemGroup>
    <ClCompile Include="references.cpp">
      <Filter>Source Files</Filter>
    </ClCompile>
    <ClCompile Include="multi_dimentional_arrays_pointers.cpp">
      <Filter>Source Files</Filter>
    </ClCompile>
    <ClCompile Include="pointer_arthematic.cpp">
      <Filter>Source Files</Filter>
    </ClCompile>
    <ClCompile Include="static_cast.cpp">
      <Filter>Source Files</Filter>
    </ClCompile>
    <ClCompile Include="bit_manipulations.cpp">
      <Filter>Source Files</Filter>
    </ClCompile>
    <ClCompile Include="encapsulation.cpp">
      <Filter>Source Files\OOPs</Filter>
    </ClCompile>
    <ClCompile Include="abstraction.cpp">
      <Filter>Source Files\OOPs</Filter>
    </ClCompile>
    <ClCompile Include="Inheritance.cpp">
      <Filter>Source Files\OOPs</Filter>
    </ClCompile>
    <ClCompile Include="design_time.cpp">
      <Filter>Source Files\OOPs\polymorphism\Compile</Filter>
    </ClCompile>
    <ClCompile Include="run_time.cpp">
      <Filter>Source Files\OOPs\polymorphism\Runtime</Filter>
    </ClCompile>
    <ClCompile Include="vector.cpp">
      <Filter>Source Files\STL</Filter>
    </ClCompile>
    <ClCompile Include="set.cpp">
      <Filter>Source Files\STL</Filter>
    </ClCompile>
    <ClCompile Include="map.cpp">
      <Filter>Source Files\STL</Filter>
    </ClCompile>
    <ClCompile Include="decltype.cpp">
      <Filter>Source Files</Filter>
    </ClCompile>
    <ClCompile Include="lamda_func.cpp">
      <Filter>Source Files</Filter>
    </ClCompile>
    <ClCompile Include="multidimentional_vectors.cpp">
      <Filter>Source Files</Filter>
    </ClCompile>
    <ClCompile Include="Implement_bit_vector.cpp">
      <Filter>Source Files</Filter>
    </ClCompile>
    <ClCompile Include="UseBitVector.cpp">
      <Filter>Source Files</Filter>
    </ClCompile>
    <ClCompile Include="Sort_2d_vector.cpp">
      <Filter>Source Files</Filter>
    </ClCompile>
    <ClCompile Include="read_and_write_to_file.cpp">
      <Filter>Source Files</Filter>
    </ClCompile>
    <ClCompile Include="virtual_functions.cpp">
      <Filter>Source Files\OOPs</Filter>
    </ClCompile>
    <ClCompile Include="Copy_Constructor_vs_Assignment.cpp">
      <Filter>Source Files</Filter>
    </ClCompile>
    <ClCompile Include="diamond_problem.cpp">
      <Filter>Source Files\OOPs</Filter>
    </ClCompile>
    <ClCompile Include="Object_Slicing.cpp">
      <Filter>Source Files\OOPs</Filter>
    </ClCompile>
    <ClCompile Include="linked_list.cpp">
      <Filter>Source Files</Filter>
    </ClCompile>
    <ClCompile Include="Create_shared_pointer.cpp">
      <Filter>Source Files\Smart_pointers</Filter>
    </ClCompile>
    <ClCompile Include="smart_ptr_usage.cpp">
      <Filter>Source Files\Smart_pointers</Filter>
    </ClCompile>
    <ClCompile Include="Templates.cpp">
      <Filter>Source Files</Filter>
    </ClCompile>
    <ClCompile Include="trie.cpp">
      <Filter>Source Files</Filter>
    </ClCompile>
  </ItemGroup>
  <ItemGroup>
    <Text Include="info.txt">
      <Filter>Source Files\OOPs\polymorphism</Filter>
    </Text>
  </ItemGroup>
  <ItemGroup>
    <Image Include="..\..\..\..\Documents\STL_Containers.png">
      <Filter>Source Files\STL</Filter>
    </Image>
  </ItemGroup>
</Project>